// !$*UTF8*$!
{
	archiveVersion = 1;
	classes = {
	};
	objectVersion = 51;
	objects = {

/* Begin PBXBuildFile section */
		2B818BF14BF218C83C8E1053 /* Pods_demoapp.framework in Frameworks */ = {isa = PBXBuildFile; fileRef = 35E79668BA2A3D45AF23CEF0 /* Pods_demoapp.framework */; };
		D61BD40B258C87F30006FFF7 /* AppDelegate.m in Sources */ = {isa = PBXBuildFile; fileRef = D61BD40A258C87F30006FFF7 /* AppDelegate.m */; };
		D61BD40E258C87F30006FFF7 /* SceneDelegate.m in Sources */ = {isa = PBXBuildFile; fileRef = D61BD40D258C87F30006FFF7 /* SceneDelegate.m */; };
		D61BD411258C87F30006FFF7 /* ViewController.m in Sources */ = {isa = PBXBuildFile; fileRef = D61BD410258C87F30006FFF7 /* ViewController.m */; };
		D61BD414258C87F30006FFF7 /* Main.storyboard in Resources */ = {isa = PBXBuildFile; fileRef = D61BD412258C87F30006FFF7 /* Main.storyboard */; };
		D61BD416258C87FF0006FFF7 /* Assets.xcassets in Resources */ = {isa = PBXBuildFile; fileRef = D61BD415258C87FF0006FFF7 /* Assets.xcassets */; };
		D61BD419258C87FF0006FFF7 /* LaunchScreen.storyboard in Resources */ = {isa = PBXBuildFile; fileRef = D61BD417258C87FF0006FFF7 /* LaunchScreen.storyboard */; };
		D61BD41C258C87FF0006FFF7 /* main.m in Sources */ = {isa = PBXBuildFile; fileRef = D61BD41B258C87FF0006FFF7 /* main.m */; };
		D61BD424258C8A790006FFF7 /* GoogleService-Info.plist in Resources */ = {isa = PBXBuildFile; fileRef = D61BD423258C8A790006FFF7 /* GoogleService-Info.plist */; };
		D61BD43A258C9AFE0006FFF7 /* libz.tbd in Frameworks */ = {isa = PBXBuildFile; fileRef = D61BD439258C9AFE0006FFF7 /* libz.tbd */; };
		D61BD43D258C9B0B0006FFF7 /* libc++.tbd in Frameworks */ = {isa = PBXBuildFile; fileRef = D61BD43C258C9B0B0006FFF7 /* libc++.tbd */; };
/* End PBXBuildFile section */

/* Begin PBXFileReference section */
		35E79668BA2A3D45AF23CEF0 /* Pods_demoapp.framework */ = {isa = PBXFileReference; explicitFileType = wrapper.framework; includeInIndex = 0; path = Pods_demoapp.framework; sourceTree = BUILT_PRODUCTS_DIR; };
		4EB96F114872778B9DDCD844 /* Pods-demoapp.debug.xcconfig */ = {isa = PBXFileReference; includeInIndex = 1; lastKnownFileType = text.xcconfig; name = "Pods-demoapp.debug.xcconfig"; path = "Target Support Files/Pods-demoapp/Pods-demoapp.debug.xcconfig"; sourceTree = "<group>"; };
		8EDDA73966E8C3BF982A7C12 /* Pods-demoapp.release.xcconfig */ = {isa = PBXFileReference; includeInIndex = 1; lastKnownFileType = text.xcconfig; name = "Pods-demoapp.release.xcconfig"; path = "Target Support Files/Pods-demoapp/Pods-demoapp.release.xcconfig"; sourceTree = "<group>"; };
		D61BD406258C87F30006FFF7 /* demoapp.app */ = {isa = PBXFileReference; explicitFileType = wrapper.application; includeInIndex = 0; path = demoapp.app; sourceTree = BUILT_PRODUCTS_DIR; };
		D61BD409258C87F30006FFF7 /* AppDelegate.h */ = {isa = PBXFileReference; lastKnownFileType = sourcecode.c.h; path = AppDelegate.h; sourceTree = "<group>"; };
		D61BD40A258C87F30006FFF7 /* AppDelegate.m */ = {isa = PBXFileReference; lastKnownFileType = sourcecode.c.objc; path = AppDelegate.m; sourceTree = "<group>"; };
		D61BD40C258C87F30006FFF7 /* SceneDelegate.h */ = {isa = PBXFileReference; lastKnownFileType = sourcecode.c.h; path = SceneDelegate.h; sourceTree = "<group>"; };
		D61BD40D258C87F30006FFF7 /* SceneDelegate.m */ = {isa = PBXFileReference; lastKnownFileType = sourcecode.c.objc; path = SceneDelegate.m; sourceTree = "<group>"; };
		D61BD40F258C87F30006FFF7 /* ViewController.h */ = {isa = PBXFileReference; lastKnownFileType = sourcecode.c.h; path = ViewController.h; sourceTree = "<group>"; };
		D61BD410258C87F30006FFF7 /* ViewController.m */ = {isa = PBXFileReference; lastKnownFileType = sourcecode.c.objc; path = ViewController.m; sourceTree = "<group>"; };
		D61BD413258C87F30006FFF7 /* Base */ = {isa = PBXFileReference; lastKnownFileType = file.storyboard; name = Base; path = Base.lproj/Main.storyboard; sourceTree = "<group>"; };
		D61BD415258C87FF0006FFF7 /* Assets.xcassets */ = {isa = PBXFileReference; lastKnownFileType = folder.assetcatalog; path = Assets.xcassets; sourceTree = "<group>"; };
		D61BD418258C87FF0006FFF7 /* Base */ = {isa = PBXFileReference; lastKnownFileType = file.storyboard; name = Base; path = Base.lproj/LaunchScreen.storyboard; sourceTree = "<group>"; };
		D61BD41A258C87FF0006FFF7 /* Info.plist */ = {isa = PBXFileReference; lastKnownFileType = text.plist.xml; path = Info.plist; sourceTree = "<group>"; };
		D61BD41B258C87FF0006FFF7 /* main.m */ = {isa = PBXFileReference; lastKnownFileType = sourcecode.c.objc; path = main.m; sourceTree = "<group>"; };
		D61BD423258C8A790006FFF7 /* GoogleService-Info.plist */ = {isa = PBXFileReference; fileEncoding = 4; lastKnownFileType = text.plist.xml; path = "GoogleService-Info.plist"; sourceTree = "<group>"; };
		D61BD437258C94D60006FFF7 /* demoappDebug.entitlements */ = {isa = PBXFileReference; lastKnownFileType = text.plist.entitlements; path = demoappDebug.entitlements; sourceTree = "<group>"; };
		D61BD439258C9AFE0006FFF7 /* libz.tbd */ = {isa = PBXFileReference; lastKnownFileType = "sourcecode.text-based-dylib-definition"; name = libz.tbd; path = usr/lib/libz.tbd; sourceTree = SDKROOT; };
		D61BD43C258C9B0B0006FFF7 /* libc++.tbd */ = {isa = PBXFileReference; lastKnownFileType = "sourcecode.text-based-dylib-definition"; name = "libc++.tbd"; path = "usr/lib/libc++.tbd"; sourceTree = SDKROOT; };
/* End PBXFileReference section */

/* Begin PBXFrameworksBuildPhase section */
		D61BD403258C87F30006FFF7 /* Frameworks */ = {
			isa = PBXFrameworksBuildPhase;
			buildActionMask = 2147483647;
			files = (
				D61BD43D258C9B0B0006FFF7 /* libc++.tbd in Frameworks */,
				D61BD43A258C9AFE0006FFF7 /* libz.tbd in Frameworks */,
				2B818BF14BF218C83C8E1053 /* Pods_demoapp.framework in Frameworks */,
			);
			runOnlyForDeploymentPostprocessing = 0;
		};
/* End PBXFrameworksBuildPhase section */

/* Begin PBXGroup section */
		4FD84189D1C2F6ADC6FD7D63 /* Frameworks */ = {
			isa = PBXGroup;
			children = (
				D61BD43C258C9B0B0006FFF7 /* libc++.tbd */,
				D61BD439258C9AFE0006FFF7 /* libz.tbd */,
				35E79668BA2A3D45AF23CEF0 /* Pods_demoapp.framework */,
			);
			name = Frameworks;
			sourceTree = "<group>";
		};
		D61BD3FD258C87F20006FFF7 = {
			isa = PBXGroup;
			children = (
				D61BD408258C87F30006FFF7 /* demoapp */,
				D61BD407258C87F30006FFF7 /* Products */,
				FA095514592025BC0049CED5 /* Pods */,
				4FD84189D1C2F6ADC6FD7D63 /* Frameworks */,
			);
			sourceTree = "<group>";
		};
		D61BD407258C87F30006FFF7 /* Products */ = {
			isa = PBXGroup;
			children = (
				D61BD406258C87F30006FFF7 /* demoapp.app */,
			);
			name = Products;
			sourceTree = "<group>";
		};
		D61BD408258C87F30006FFF7 /* demoapp */ = {
			isa = PBXGroup;
			children = (
				D61BD437258C94D60006FFF7 /* demoappDebug.entitlements */,
				D61BD409258C87F30006FFF7 /* AppDelegate.h */,
				D61BD40A258C87F30006FFF7 /* AppDelegate.m */,
				D61BD40C258C87F30006FFF7 /* SceneDelegate.h */,
				D61BD40D258C87F30006FFF7 /* SceneDelegate.m */,
				D61BD40F258C87F30006FFF7 /* ViewController.h */,
				D61BD410258C87F30006FFF7 /* ViewController.m */,
				D61BD412258C87F30006FFF7 /* Main.storyboard */,
				D61BD415258C87FF0006FFF7 /* Assets.xcassets */,
				D61BD417258C87FF0006FFF7 /* LaunchScreen.storyboard */,
				D61BD41A258C87FF0006FFF7 /* Info.plist */,
				D61BD423258C8A790006FFF7 /* GoogleService-Info.plist */,
				D61BD41B258C87FF0006FFF7 /* main.m */,
			);
			path = demoapp;
			sourceTree = "<group>";
		};
		FA095514592025BC0049CED5 /* Pods */ = {
			isa = PBXGroup;
			children = (
				4EB96F114872778B9DDCD844 /* Pods-demoapp.debug.xcconfig */,
				8EDDA73966E8C3BF982A7C12 /* Pods-demoapp.release.xcconfig */,
			);
			path = Pods;
			sourceTree = "<group>";
		};
/* End PBXGroup section */

/* Begin PBXNativeTarget section */
		D61BD405258C87F30006FFF7 /* demoapp */ = {
			isa = PBXNativeTarget;
			buildConfigurationList = D61BD41F258C87FF0006FFF7 /* Build configuration list for PBXNativeTarget "demoapp" */;
			buildPhases = (
				824D8FB127FF5ACCAC2981D3 /* [CP] Check Pods Manifest.lock */,
				D61BD402258C87F30006FFF7 /* Sources */,
				D61BD403258C87F30006FFF7 /* Frameworks */,
				D61BD404258C87F30006FFF7 /* Resources */,
				48717992AD75E4C98AFEE1B5 /* [CP] Embed Pods Frameworks */,
			);
			buildRules = (
			);
			dependencies = (
			);
			name = demoapp;
			productName = demoapp;
			productReference = D61BD406258C87F30006FFF7 /* demoapp.app */;
			productType = "com.apple.product-type.application";
		};
/* End PBXNativeTarget section */

/* Begin PBXProject section */
		D61BD3FE258C87F20006FFF7 /* Project object */ = {
			isa = PBXProject;
			attributes = {
				LastUpgradeCheck = 1220;
				TargetAttributes = {
					D61BD405258C87F30006FFF7 = {
						CreatedOnToolsVersion = 12.2;
					};
				};
			};
			buildConfigurationList = D61BD401258C87F20006FFF7 /* Build configuration list for PBXProject "demoapp" */;
			compatibilityVersion = "Xcode 9.3";
			developmentRegion = en;
			hasScannedForEncodings = 0;
			knownRegions = (
				en,
				Base,
			);
			mainGroup = D61BD3FD258C87F20006FFF7;
			productRefGroup = D61BD407258C87F30006FFF7 /* Products */;
			projectDirPath = "";
			projectRoot = "";
			targets = (
				D61BD405258C87F30006FFF7 /* demoapp */,
			);
		};
/* End PBXProject section */

/* Begin PBXResourcesBuildPhase section */
		D61BD404258C87F30006FFF7 /* Resources */ = {
			isa = PBXResourcesBuildPhase;
			buildActionMask = 2147483647;
			files = (
				D61BD419258C87FF0006FFF7 /* LaunchScreen.storyboard in Resources */,
				D61BD424258C8A790006FFF7 /* GoogleService-Info.plist in Resources */,
				D61BD416258C87FF0006FFF7 /* Assets.xcassets in Resources */,
				D61BD414258C87F30006FFF7 /* Main.storyboard in Resources */,
			);
			runOnlyForDeploymentPostprocessing = 0;
		};
/* End PBXResourcesBuildPhase section */

/* Begin PBXShellScriptBuildPhase section */
		48717992AD75E4C98AFEE1B5 /* [CP] Embed Pods Frameworks */ = {
			isa = PBXShellScriptBuildPhase;
			buildActionMask = 2147483647;
			files = (
			);
			inputFileListPaths = (
				"${PODS_ROOT}/Target Support Files/Pods-demoapp/Pods-demoapp-frameworks-${CONFIGURATION}-input-files.xcfilelist",
			);
			name = "[CP] Embed Pods Frameworks";
			outputFileListPaths = (
				"${PODS_ROOT}/Target Support Files/Pods-demoapp/Pods-demoapp-frameworks-${CONFIGURATION}-output-files.xcfilelist",
			);
			runOnlyForDeploymentPostprocessing = 0;
			shellPath = /bin/sh;
			shellScript = "\"${PODS_ROOT}/Target Support Files/Pods-demoapp/Pods-demoapp-frameworks.sh\"\n";
			showEnvVarsInLog = 0;
		};
		824D8FB127FF5ACCAC2981D3 /* [CP] Check Pods Manifest.lock */ = {
			isa = PBXShellScriptBuildPhase;
			buildActionMask = 2147483647;
			files = (
			);
			inputFileListPaths = (
			);
			inputPaths = (
				"${PODS_PODFILE_DIR_PATH}/Podfile.lock",
				"${PODS_ROOT}/Manifest.lock",
			);
			name = "[CP] Check Pods Manifest.lock";
			outputFileListPaths = (
			);
			outputPaths = (
				"$(DERIVED_FILE_DIR)/Pods-demoapp-checkManifestLockResult.txt",
			);
			runOnlyForDeploymentPostprocessing = 0;
			shellPath = /bin/sh;
			shellScript = "diff \"${PODS_PODFILE_DIR_PATH}/Podfile.lock\" \"${PODS_ROOT}/Manifest.lock\" > /dev/null\nif [ $? != 0 ] ; then\n    # print error to STDERR\n    echo \"error: The sandbox is not in sync with the Podfile.lock. Run 'pod install' or update your CocoaPods installation.\" >&2\n    exit 1\nfi\n# This output is used by Xcode 'outputs' to avoid re-running this script phase.\necho \"SUCCESS\" > \"${SCRIPT_OUTPUT_FILE_0}\"\n";
			showEnvVarsInLog = 0;
		};
/* End PBXShellScriptBuildPhase section */

/* Begin PBXSourcesBuildPhase section */
		D61BD402258C87F30006FFF7 /* Sources */ = {
			isa = PBXSourcesBuildPhase;
			buildActionMask = 2147483647;
			files = (
				D61BD411258C87F30006FFF7 /* ViewController.m in Sources */,
				D61BD40B258C87F30006FFF7 /* AppDelegate.m in Sources */,
				D61BD41C258C87FF0006FFF7 /* main.m in Sources */,
				D61BD40E258C87F30006FFF7 /* SceneDelegate.m in Sources */,
			);
			runOnlyForDeploymentPostprocessing = 0;
		};
/* End PBXSourcesBuildPhase section */

/* Begin PBXVariantGroup section */
		D61BD412258C87F30006FFF7 /* Main.storyboard */ = {
			isa = PBXVariantGroup;
			children = (
				D61BD413258C87F30006FFF7 /* Base */,
			);
			name = Main.storyboard;
			sourceTree = "<group>";
		};
		D61BD417258C87FF0006FFF7 /* LaunchScreen.storyboard */ = {
			isa = PBXVariantGroup;
			children = (
				D61BD418258C87FF0006FFF7 /* Base */,
			);
			name = LaunchScreen.storyboard;
			sourceTree = "<group>";
		};
/* End PBXVariantGroup section */

/* Begin XCBuildConfiguration section */
		D61BD41D258C87FF0006FFF7 /* Debug */ = {
			isa = XCBuildConfiguration;
			buildSettings = {
				ALWAYS_SEARCH_USER_PATHS = NO;
				CLANG_ANALYZER_NONNULL = YES;
				CLANG_ANALYZER_NUMBER_OBJECT_CONVERSION = YES_AGGRESSIVE;
				CLANG_CXX_LANGUAGE_STANDARD = "gnu++14";
				CLANG_CXX_LIBRARY = "libc++";
				CLANG_ENABLE_MODULES = YES;
				CLANG_ENABLE_OBJC_ARC = YES;
				CLANG_ENABLE_OBJC_WEAK = YES;
				CLANG_WARN_BLOCK_CAPTURE_AUTORELEASING = YES;
				CLANG_WARN_BOOL_CONVERSION = YES;
				CLANG_WARN_COMMA = YES;
				CLANG_WARN_CONSTANT_CONVERSION = YES;
				CLANG_WARN_DEPRECATED_OBJC_IMPLEMENTATIONS = YES;
				CLANG_WARN_DIRECT_OBJC_ISA_USAGE = YES_ERROR;
				CLANG_WARN_DOCUMENTATION_COMMENTS = YES;
				CLANG_WARN_EMPTY_BODY = YES;
				CLANG_WARN_ENUM_CONVERSION = YES;
				CLANG_WARN_INFINITE_RECURSION = YES;
				CLANG_WARN_INT_CONVERSION = YES;
				CLANG_WARN_NON_LITERAL_NULL_CONVERSION = YES;
				CLANG_WARN_OBJC_IMPLICIT_RETAIN_SELF = YES;
				CLANG_WARN_OBJC_LITERAL_CONVERSION = YES;
				CLANG_WARN_OBJC_ROOT_CLASS = YES_ERROR;
				CLANG_WARN_QUOTED_INCLUDE_IN_FRAMEWORK_HEADER = YES;
				CLANG_WARN_RANGE_LOOP_ANALYSIS = YES;
				CLANG_WARN_STRICT_PROTOTYPES = YES;
				CLANG_WARN_SUSPICIOUS_MOVE = YES;
				CLANG_WARN_UNGUARDED_AVAILABILITY = YES_AGGRESSIVE;
				CLANG_WARN_UNREACHABLE_CODE = YES;
				CLANG_WARN__DUPLICATE_METHOD_MATCH = YES;
				COPY_PHASE_STRIP = NO;
				DEBUG_INFORMATION_FORMAT = dwarf;
				ENABLE_STRICT_OBJC_MSGSEND = YES;
				ENABLE_TESTABILITY = YES;
				GCC_C_LANGUAGE_STANDARD = gnu11;
				GCC_DYNAMIC_NO_PIC = NO;
				GCC_NO_COMMON_BLOCKS = YES;
				GCC_OPTIMIZATION_LEVEL = 0;
				GCC_PREPROCESSOR_DEFINITIONS = (
					"DEBUG=1",
					"$(inherited)",
				);
				GCC_WARN_64_TO_32_BIT_CONVERSION = YES;
				GCC_WARN_ABOUT_RETURN_TYPE = YES_ERROR;
				GCC_WARN_UNDECLARED_SELECTOR = YES;
				GCC_WARN_UNINITIALIZED_AUTOS = YES_AGGRESSIVE;
				GCC_WARN_UNUSED_FUNCTION = YES;
				GCC_WARN_UNUSED_VARIABLE = YES;
				IPHONEOS_DEPLOYMENT_TARGET = 14.2;
				MTL_ENABLE_DEBUG_INFO = INCLUDE_SOURCE;
				MTL_FAST_MATH = YES;
				ONLY_ACTIVE_ARCH = YES;
				SDKROOT = iphoneos;
			};
			name = Debug;
		};
		D61BD41E258C87FF0006FFF7 /* Release */ = {
			isa = XCBuildConfiguration;
			buildSettings = {
				ALWAYS_SEARCH_USER_PATHS = NO;
				CLANG_ANALYZER_NONNULL = YES;
				CLANG_ANALYZER_NUMBER_OBJECT_CONVERSION = YES_AGGRESSIVE;
				CLANG_CXX_LANGUAGE_STANDARD = "gnu++14";
				CLANG_CXX_LIBRARY = "libc++";
				CLANG_ENABLE_MODULES = YES;
				CLANG_ENABLE_OBJC_ARC = YES;
				CLANG_ENABLE_OBJC_WEAK = YES;
				CLANG_WARN_BLOCK_CAPTURE_AUTORELEASING = YES;
				CLANG_WARN_BOOL_CONVERSION = YES;
				CLANG_WARN_COMMA = YES;
				CLANG_WARN_CONSTANT_CONVERSION = YES;
				CLANG_WARN_DEPRECATED_OBJC_IMPLEMENTATIONS = YES;
				CLANG_WARN_DIRECT_OBJC_ISA_USAGE = YES_ERROR;
				CLANG_WARN_DOCUMENTATION_COMMENTS = YES;
				CLANG_WARN_EMPTY_BODY = YES;
				CLANG_WARN_ENUM_CONVERSION = YES;
				CLANG_WARN_INFINITE_RECURSION = YES;
				CLANG_WARN_INT_CONVERSION = YES;
				CLANG_WARN_NON_LITERAL_NULL_CONVERSION = YES;
				CLANG_WARN_OBJC_IMPLICIT_RETAIN_SELF = YES;
				CLANG_WARN_OBJC_LITERAL_CONVERSION = YES;
				CLANG_WARN_OBJC_ROOT_CLASS = YES_ERROR;
				CLANG_WARN_QUOTED_INCLUDE_IN_FRAMEWORK_HEADER = YES;
				CLANG_WARN_RANGE_LOOP_ANALYSIS = YES;
				CLANG_WARN_STRICT_PROTOTYPES = YES;
				CLANG_WARN_SUSPICIOUS_MOVE = YES;
				CLANG_WARN_UNGUARDED_AVAILABILITY = YES_AGGRESSIVE;
				CLANG_WARN_UNREACHABLE_CODE = YES;
				CLANG_WARN__DUPLICATE_METHOD_MATCH = YES;
				COPY_PHASE_STRIP = NO;
				DEBUG_INFORMATION_FORMAT = "dwarf-with-dsym";
				ENABLE_NS_ASSERTIONS = NO;
				ENABLE_STRICT_OBJC_MSGSEND = YES;
				GCC_C_LANGUAGE_STANDARD = gnu11;
				GCC_NO_COMMON_BLOCKS = YES;
				GCC_WARN_64_TO_32_BIT_CONVERSION = YES;
				GCC_WARN_ABOUT_RETURN_TYPE = YES_ERROR;
				GCC_WARN_UNDECLARED_SELECTOR = YES;
				GCC_WARN_UNINITIALIZED_AUTOS = YES_AGGRESSIVE;
				GCC_WARN_UNUSED_FUNCTION = YES;
				GCC_WARN_UNUSED_VARIABLE = YES;
				IPHONEOS_DEPLOYMENT_TARGET = 14.2;
				MTL_ENABLE_DEBUG_INFO = NO;
				MTL_FAST_MATH = YES;
				SDKROOT = iphoneos;
				VALIDATE_PRODUCT = YES;
			};
			name = Release;
		};
		D61BD420258C87FF0006FFF7 /* Debug */ = {
			isa = XCBuildConfiguration;
			baseConfigurationReference = 4EB96F114872778B9DDCD844 /* Pods-demoapp.debug.xcconfig */;
			buildSettings = {
				ASSETCATALOG_COMPILER_APPICON_NAME = AppIcon;
				ASSETCATALOG_COMPILER_GLOBAL_ACCENT_COLOR_NAME = AccentColor;
				CODE_SIGN_ENTITLEMENTS = demoapp/demoappDebug.entitlements;
				CODE_SIGN_STYLE = Automatic;
				DEVELOPMENT_TEAM = 9YV8BDW6YQ;
				INFOPLIST_FILE = demoapp/Info.plist;
				IPHONEOS_DEPLOYMENT_TARGET = 13.5;
				LD_RUNPATH_SEARCH_PATHS = (
					"$(inherited)",
					"@executable_path/Frameworks",
				);
				PRODUCT_BUNDLE_IDENTIFIER = com.pushwoosh.demoapp;
				PRODUCT_NAME = "$(TARGET_NAME)";
				TARGETED_DEVICE_FAMILY = "1,2";
			};
			name = Debug;
		};
		D61BD421258C87FF0006FFF7 /* Release */ = {
			isa = XCBuildConfiguration;
			baseConfigurationReference = 8EDDA73966E8C3BF982A7C12 /* Pods-demoapp.release.xcconfig */;
			buildSettings = {
				ASSETCATALOG_COMPILER_APPICON_NAME = AppIcon;
				ASSETCATALOG_COMPILER_GLOBAL_ACCENT_COLOR_NAME = AccentColor;
				CODE_SIGN_STYLE = Automatic;
				DEVELOPMENT_TEAM = 9YV8BDW6YQ;
				INFOPLIST_FILE = demoapp/Info.plist;
				IPHONEOS_DEPLOYMENT_TARGET = 13.5;
				LD_RUNPATH_SEARCH_PATHS = (
					"$(inherited)",
					"@executable_path/Frameworks",
				);
				PRODUCT_BUNDLE_IDENTIFIER = com.pushwoosh.demoapp;
				PRODUCT_NAME = "$(TARGET_NAME)";
				TARGETED_DEVICE_FAMILY = "1,2";
			};
			name = Release;
		};
/* End XCBuildConfiguration section */

/* Begin XCConfigurationList section */
		D61BD401258C87F20006FFF7 /* Build configuration list for PBXProject "demoapp" */ = {
			isa = XCConfigurationList;
			buildConfigurations = (
				D61BD41D258C87FF0006FFF7 /* Debug */,
				D61BD41E258C87FF0006FFF7 /* Release */,
			);
			defaultConfigurationIsVisible = 0;
			defaultConfigurationName = Release;
		};
		D61BD41F258C87FF0006FFF7 /* Build configuration list for PBXNativeTarget "demoapp" */ = {
			isa = XCConfigurationList;
			buildConfigurations = (
				D61BD420258C87FF0006FFF7 /* Debug */,
				D61BD421258C87FF0006FFF7 /* Release */,
			);
			defaultConfigurationIsVisible = 0;
			defaultConfigurationName = Release;
		};
/* End XCConfigurationList section */
	};
	rootObject = D61BD3FE258C87F20006FFF7 /* Project object */;
}
